schema: '2.0'
stages:
  load_data:
    cmd: python -m src.data_loading.load_data
    deps:
    - path: src/data_loading/load_data.py
      hash: md5
      md5: 6726948331eb41c3cef967d9a702d5c1
      size: 1459
    outs:
    - path: data/raw/raw.csv
      hash: md5
      md5: ecb41a6cd5240fb1cbaf116fafeaf513
      size: 116187
  preprocess_data:
    cmd: python -m src.data_preprocessing.preprocess_data
    deps:
    - path: data/raw/raw.csv
      hash: md5
      md5: ecb41a6cd5240fb1cbaf116fafeaf513
      size: 116187
    - path: src/data_preprocessing/preprocess_data.py
      hash: md5
      md5: 727f22f9650a9dfb2b1a217912d46034
      size: 3993
    params:
      params.yaml:
        preprocess_data.random_seed: 42
        preprocess_data.test_size: 0.2
    outs:
    - path: artifacts/[features]_mean_imputer.joblib
      hash: md5
      md5: 2e0d8bf11f30c6abf60ab5b73f87cd46
      size: 1511
    - path: data/preprocessed/test_preprocessed.csv
      hash: md5
      md5: 4d2f90d76ff06eb3a8be9ab6f0ff9c71
      size: 26982
    - path: data/preprocessed/train_preprocessed.csv
      hash: md5
      md5: 2adb2f4bde85b034f0ddbb86f9e484f5
      size: 105678
  engineer_features:
    cmd: python -m src.feature_engineering.engineer_features
    deps:
    - path: data/preprocessed/test_preprocessed.csv
      hash: md5
      md5: 4d2f90d76ff06eb3a8be9ab6f0ff9c71
      size: 26982
    - path: data/preprocessed/train_preprocessed.csv
      hash: md5
      md5: 2adb2f4bde85b034f0ddbb86f9e484f5
      size: 105678
    - path: src/feature_engineering/engineer_features.py
      hash: md5
      md5: f8446b81a185b5c5d4b06fd60a3b9b9f
      size: 3052
    outs:
    - path: artifacts/[features]_scaler.joblib
      hash: md5
      md5: 7454e35cf9b3a8eb1a82b5d2716f30b1
      size: 2135
    - path: data/processed/test_processed.csv
      hash: md5
      md5: 4cfdca50442839a734dbf919551ad248
      size: 67990
    - path: data/processed/train_processed.csv
      hash: md5
      md5: 98aab186ecd5b25ab1585663bd0dc79f
      size: 269523
  train:
    cmd: python -m src.model_training.train_model
    deps:
    - path: data/processed/train_processed.csv
      hash: md5
      md5: 98aab186ecd5b25ab1585663bd0dc79f
      size: 269523
    - path: src/model_training/train_model.py
      hash: md5
      md5: fc90c64079bc499b73acb59d74aa70b1
      size: 6084
    params:
      params.yaml:
        train.batch_size: 16
        train.dropout_rate: 0.25
        train.epochs: 100
        train.hidden_layer_1_neurons: 64
        train.hidden_layer_2_neurons: 32
        train.learning_rate: 0.001
    outs:
    - path: artifacts/[target]_one_hot_encoder.joblib
      hash: md5
      md5: 9c68e41a114fdb0985121e8d89f055bc
      size: 617
    - path: metrics/training.json
      hash: md5
      md5: 9ac413989ff133b8aeb5f78f2d7aefe0
      size: 142
    - path: models/model.keras
      hash: md5
      md5: cfc9f4a277065900cb2b729b87643a7b
      size: 79419
  evaluate:
    cmd: python -m src.model_evaluation.evaluate_model
    deps:
    - path: artifacts/[target]_one_hot_encoder.joblib
      hash: md5
      md5: 9c68e41a114fdb0985121e8d89f055bc
      size: 617
    - path: data/processed/test_processed.csv
      hash: md5
      md5: 4cfdca50442839a734dbf919551ad248
      size: 67990
    - path: models/model.keras
      hash: md5
      md5: cfc9f4a277065900cb2b729b87643a7b
      size: 79419
    - path: src/model_evaluation/evaluate_model.py
      hash: md5
      md5: 477591083f0fa59e4c1c471a672adbcc
      size: 3364
    outs:
    - path: metrics/evaluation.json
      hash: md5
      md5: 9415501a3d121b8f4851d9929c245d64
      size: 763
